
Microsoft Visual Studio Solution File, Format Version 12.00
# Visual Studio 15
VisualStudioVersion = 15.0.27428.2015
MinimumVisualStudioVersion = 10.0.40219.1
Project("{FAE04EC0-301F-11D3-BF4B-00C04F79EFBC}") = "LogGrammer", "LogGrammer\LogGrammer.csproj", "{419DFB77-AE7B-42CF-809B-B3B7A498D8C9}"
EndProject
Global
	GlobalSection(SolutionConfigurationPlatforms) = preSolution
		Debug|Any CPU = Debug|Any CPU
		Release|Any CPU = Release|Any CPU
	EndGlobalSection
	GlobalSection(ProjectConfigurationPlatforms) = postSolution
		{419DFB77-AE7B-42CF-809B-B3B7A498D8C9}.Debug|Any CPU.ActiveCfg = Debug|Any CPU
		{419DFB77-AE7B-42CF-809B-B3B7A498D8C9}.Debug|Any CPU.Build.0 = Debug|Any CPU
		{419DFB77-AE7B-42CF-809B-B3B7A498D8C9}.Release|Any CPU.ActiveCfg = Release|Any CPU
		{419DFB77-AE7B-42CF-809B-B3B7A498D8C9}.Release|Any CPU.Build.0 = Release|Any CPU
	EndGlobalSection
	GlobalSection(SolutionProperties) = preSolution
		HideSolutionNode = FALSE
	EndGlobalSection
	GlobalSection(ExtensibilityGlobals) = postSolution
		SolutionGuid = {502E4D29-5A37-4C2A-B505-75D38887E7ED}
	EndGlobalSection
EndGlobal
